
Microsoft Visual Studio Solution File, Format Version 12.00
# Visual Studio 15
VisualStudioVersion = 15.0.28307.168
MinimumVisualStudioVersion = 10.0.40219.1
Project("{9A19103F-16F7-4668-BE54-9A1E7A4F7556}") = "MovieTheaterWebApp", "MovieTheater\MovieTheaterWebApp.csproj", "{D7189991-A62E-49C0-BC6A-62D851803679}"
EndProject
Project("{FAE04EC0-301F-11D3-BF4B-00C04F79EFBC}") = "MovieTheater.Core", "MovieTheater.Core\MovieTheater.Core.csproj", "{47837336-41BE-4FF1-830D-917644B33D98}"
EndProject
Project("{FAE04EC0-301F-11D3-BF4B-00C04F79EFBC}") = "MovieTheater.Data", "MovieTheater.Data\MovieTheater.Data.csproj", "{6EE69A92-27DA-466D-9763-45173559F4FC}"
EndProject
Project("{FAE04EC0-301F-11D3-BF4B-00C04F79EFBC}") = "MovieTheater.Database", "MovieTheater.Database\MovieTheater.Database.csproj", "{9E7970D9-0400-4B04-B50C-FC3D12CE6DDA}"
EndProject
Project("{FAE04EC0-301F-11D3-BF4B-00C04F79EFBC}") = "MovieTheater.Service", "MovieTheaterService\MovieTheater.Service.csproj", "{1A05C368-63F1-4F71-BE3D-1191F2DD54A7}"
EndProject
Global
	GlobalSection(SolutionConfigurationPlatforms) = preSolution
		Debug|Any CPU = Debug|Any CPU
		Release|Any CPU = Release|Any CPU
	EndGlobalSection
	GlobalSection(ProjectConfigurationPlatforms) = postSolution
		{D7189991-A62E-49C0-BC6A-62D851803679}.Debug|Any CPU.ActiveCfg = Debug|Any CPU
		{D7189991-A62E-49C0-BC6A-62D851803679}.Debug|Any CPU.Build.0 = Debug|Any CPU
		{D7189991-A62E-49C0-BC6A-62D851803679}.Release|Any CPU.ActiveCfg = Release|Any CPU
		{D7189991-A62E-49C0-BC6A-62D851803679}.Release|Any CPU.Build.0 = Release|Any CPU
		{47837336-41BE-4FF1-830D-917644B33D98}.Debug|Any CPU.ActiveCfg = Debug|Any CPU
		{47837336-41BE-4FF1-830D-917644B33D98}.Debug|Any CPU.Build.0 = Debug|Any CPU
		{47837336-41BE-4FF1-830D-917644B33D98}.Release|Any CPU.ActiveCfg = Release|Any CPU
		{47837336-41BE-4FF1-830D-917644B33D98}.Release|Any CPU.Build.0 = Release|Any CPU
		{6EE69A92-27DA-466D-9763-45173559F4FC}.Debug|Any CPU.ActiveCfg = Debug|Any CPU
		{6EE69A92-27DA-466D-9763-45173559F4FC}.Debug|Any CPU.Build.0 = Debug|Any CPU
		{6EE69A92-27DA-466D-9763-45173559F4FC}.Release|Any CPU.ActiveCfg = Release|Any CPU
		{6EE69A92-27DA-466D-9763-45173559F4FC}.Release|Any CPU.Build.0 = Release|Any CPU
		{9E7970D9-0400-4B04-B50C-FC3D12CE6DDA}.Debug|Any CPU.ActiveCfg = Debug|Any CPU
		{9E7970D9-0400-4B04-B50C-FC3D12CE6DDA}.Debug|Any CPU.Build.0 = Debug|Any CPU
		{9E7970D9-0400-4B04-B50C-FC3D12CE6DDA}.Release|Any CPU.ActiveCfg = Release|Any CPU
		{9E7970D9-0400-4B04-B50C-FC3D12CE6DDA}.Release|Any CPU.Build.0 = Release|Any CPU
		{1A05C368-63F1-4F71-BE3D-1191F2DD54A7}.Debug|Any CPU.ActiveCfg = Debug|Any CPU
		{1A05C368-63F1-4F71-BE3D-1191F2DD54A7}.Debug|Any CPU.Build.0 = Debug|Any CPU
		{1A05C368-63F1-4F71-BE3D-1191F2DD54A7}.Release|Any CPU.ActiveCfg = Release|Any CPU
		{1A05C368-63F1-4F71-BE3D-1191F2DD54A7}.Release|Any CPU.Build.0 = Release|Any CPU
	EndGlobalSection
	GlobalSection(SolutionProperties) = preSolution
		HideSolutionNode = FALSE
	EndGlobalSection
	GlobalSection(ExtensibilityGlobals) = postSolution
		SolutionGuid = {3040AEFE-D257-499C-844D-299DACD643EF}
	EndGlobalSection
EndGlobal
